
Microsoft Visual Studio Solution File, Format Version 12.00
# Visual Studio Version 16
VisualStudioVersion = 16.0.29306.81
MinimumVisualStudioVersion = 10.0.40219.1
Project("{FAE04EC0-301F-11D3-BF4B-00C04F79EFBC}") = "ConsoleApp29", "ConsoleApp29\ConsoleApp29.csproj", "{2FC0A520-CB78-4021-BAA3-2894F3556228}"
EndProject
Project("{FAE04EC0-301F-11D3-BF4B-00C04F79EFBC}") = "Biblioteca", "Biblioteca\Biblioteca.csproj", "{BB1BDB45-4132-48BD-860A-5FE61C1EE520}"
EndProject
Global
	GlobalSection(SolutionConfigurationPlatforms) = preSolution
		Debug|Any CPU = Debug|Any CPU
		Release|Any CPU = Release|Any CPU
	EndGlobalSection
	GlobalSection(ProjectConfigurationPlatforms) = postSolution
		{2FC0A520-CB78-4021-BAA3-2894F3556228}.Debug|Any CPU.ActiveCfg = Debug|Any CPU
		{2FC0A520-CB78-4021-BAA3-2894F3556228}.Debug|Any CPU.Build.0 = Debug|Any CPU
		{2FC0A520-CB78-4021-BAA3-2894F3556228}.Release|Any CPU.ActiveCfg = Release|Any CPU
		{2FC0A520-CB78-4021-BAA3-2894F3556228}.Release|Any CPU.Build.0 = Release|Any CPU
		{BB1BDB45-4132-48BD-860A-5FE61C1EE520}.Debug|Any CPU.ActiveCfg = Debug|Any CPU
		{BB1BDB45-4132-48BD-860A-5FE61C1EE520}.Debug|Any CPU.Build.0 = Debug|Any CPU
		{BB1BDB45-4132-48BD-860A-5FE61C1EE520}.Release|Any CPU.ActiveCfg = Release|Any CPU
		{BB1BDB45-4132-48BD-860A-5FE61C1EE520}.Release|Any CPU.Build.0 = Release|Any CPU
	EndGlobalSection
	GlobalSection(SolutionProperties) = preSolution
		HideSolutionNode = FALSE
	EndGlobalSection
	GlobalSection(ExtensibilityGlobals) = postSolution
		SolutionGuid = {11850291-C749-4E9D-A76B-D72578D78104}
	EndGlobalSection
EndGlobal
